<?xml version="1.0" encoding="utf-8"?>
<Project ToolsVersion="4.0" xmlns="http://schemas.microsoft.com/developer/msbuild/2003">
  <ItemGroup>
    <Filter Include="Source Files">
      <UniqueIdentifier>{4FC737F1-C7A5-4376-A066-2A32D752A2FF}</UniqueIdentifier>
      <Extensions>cpp;c;cc;cxx;def;odl;idl;hpj;bat;asm;asmx</Extensions>
    </Filter>
    <Filter Include="Header Files">
      <UniqueIdentifier>{93995380-89BD-4b04-88EB-625FBE52EBFB}</UniqueIdentifier>
      <Extensions>h;hh;hpp;hxx;hm;inl;inc;ipp;xsd</Extensions>
    </Filter>
    <Filter Include="Resource Files">
      <UniqueIdentifier>{67DA6AB6-F800-4c08-8B7A-83BB121AAD01}</UniqueIdentifier>
      <Extensions>rc;ico;cur;bmp;dlg;rc2;rct;bin;rgs;gif;jpg;jpeg;jpe;resx;tiff;tif;png;wav;mfcribbon-ms</Extensions>
    </Filter>
    <Filter Include="Source Files\consola">
      <UniqueIdentifier>{418e1365-34e8-472e-abc8-59c9613ab956}</UniqueIdentifier>
    </Filter>
    <Filter Include="Header Files\consola">
      <UniqueIdentifier>{9d3f88ff-c4a1-47a0-90d7-785ff863996a}</UniqueIdentifier>
    </Filter>
    <Filter Include="Source Files\Navios">
      <UniqueIdentifier>{d67f6958-d84d-41fd-859d-267e314169df}</UniqueIdentifier>
    </Filter>
    <Filter Include="Header Files\Navios">
      <UniqueIdentifier>{2bb39a44-7a79-4d42-bbba-d1e15827991d}</UniqueIdentifier>
    </Filter>
  </ItemGroup>
  <ItemGroup>
    <ClCompile Include="Consola.cpp">
      <Filter>Source Files\consola</Filter>
    </ClCompile>
    <ClCompile Include="Comandos.cpp">
      <Filter>Source Files\consola</Filter>
    </ClCompile>
    <ClCompile Include="Principal.cpp">
      <Filter>Source Files</Filter>
    </ClCompile>
    <ClCompile Include="Navio.cpp">
      <Filter>Source Files\Navios</Filter>
    </ClCompile>
    <ClCompile Include="Frota.cpp">
      <Filter>Source Files\Navios</Filter>
    </ClCompile>
    <ClCompile Include="Utils.cpp">
      <Filter>Source Files</Filter>
    </ClCompile>
    <ClCompile Include="Jogador.cpp">
      <Filter>Source Files</Filter>
    </ClCompile>
  </ItemGroup>
  <ItemGroup>
    <ClInclude Include="Consola.h">
      <Filter>Header Files\consola</Filter>
    </ClInclude>
    <ClInclude Include="Comandos.h">
      <Filter>Header Files\consola</Filter>
    </ClInclude>
    <ClInclude Include="Tipo_Navio.h">
      <Filter>Header Files\Navios</Filter>
    </ClInclude>
    <ClInclude Include="Frota.h">
      <Filter>Header Files\Navios</Filter>
    </ClInclude>
    <ClInclude Include="Navio.h">
      <Filter>Header Files\Navios</Filter>
    </ClInclude>
    <ClInclude Include="Utils.h">
      <Filter>Header Files</Filter>
    </ClInclude>
    <ClInclude Include="Jogador.h">
      <Filter>Header Files</Filter>
    </ClInclude>
  </ItemGroup>
  <ItemGroup>
    <Text Include="mapa.txt">
      <Filter>Resource Files</Filter>
    </Text>
    <Text Include="test.txt">
      <Filter>Resource Files</Filter>
    </Text>
  </ItemGroup>
</Project>